
Microsoft Visual Studio Solution File, Format Version 12.00
# Visual Studio Version 16
VisualStudioVersion = 16.0.31321.278
MinimumVisualStudioVersion = 10.0.40219.1
Project("{8BC9CEB8-8B4A-11D0-8D11-00A0C91BC942}") = "w13 EventSelect example", "w13 EventSelect example\w13 EventSelect example.vcxproj", "{68C1CE44-C827-46BF-9266-F5CB0CA2F68B}"
EndProject
Global
	GlobalSection(SolutionConfigurationPlatforms) = preSolution
		Debug|x64 = Debug|x64
		Debug|x86 = Debug|x86
		Release|x64 = Release|x64
		Release|x86 = Release|x86
	EndGlobalSection
	GlobalSection(ProjectConfigurationPlatforms) = postSolution
		{68C1CE44-C827-46BF-9266-F5CB0CA2F68B}.Debug|x64.ActiveCfg = Debug|x64
		{68C1CE44-C827-46BF-9266-F5CB0CA2F68B}.Debug|x64.Build.0 = Debug|x64
		{68C1CE44-C827-46BF-9266-F5CB0CA2F68B}.Debug|x86.ActiveCfg = Debug|Win32
		{68C1CE44-C827-46BF-9266-F5CB0CA2F68B}.Debug|x86.Build.0 = Debug|Win32
		{68C1CE44-C827-46BF-9266-F5CB0CA2F68B}.Release|x64.ActiveCfg = Release|x64
		{68C1CE44-C827-46BF-9266-F5CB0CA2F68B}.Release|x64.Build.0 = Release|x64
		{68C1CE44-C827-46BF-9266-F5CB0CA2F68B}.Release|x86.ActiveCfg = Release|Win32
		{68C1CE44-C827-46BF-9266-F5CB0CA2F68B}.Release|x86.Build.0 = Release|Win32
	EndGlobalSection
	GlobalSection(SolutionProperties) = preSolution
		HideSolutionNode = FALSE
	EndGlobalSection
	GlobalSection(ExtensibilityGlobals) = postSolution
		SolutionGuid = {32AFC05D-A518-4FD0-A2E2-2F2315C3CF15}
	EndGlobalSection
EndGlobal
